
Microsoft Visual Studio Solution File, Format Version 12.00
# Visual Studio 15
VisualStudioVersion = 15.0.26730.16
MinimumVisualStudioVersion = 10.0.40219.1
Project("{888888A0-9F3D-457C-B088-3A5042F75D52}") = "extreme values", "extreme values\extreme values.pyproj", "{8CD0A4EC-6B76-474F-946C-369F05470EB3}"
EndProject
Global
	GlobalSection(SolutionConfigurationPlatforms) = preSolution
		Debug|Any CPU = Debug|Any CPU
		Release|Any CPU = Release|Any CPU
	EndGlobalSection
	GlobalSection(ProjectConfigurationPlatforms) = postSolution
		{8CD0A4EC-6B76-474F-946C-369F05470EB3}.Debug|Any CPU.ActiveCfg = Debug|Any CPU
		{8CD0A4EC-6B76-474F-946C-369F05470EB3}.Release|Any CPU.ActiveCfg = Release|Any CPU
	EndGlobalSection
	GlobalSection(SolutionProperties) = preSolution
		HideSolutionNode = FALSE
	EndGlobalSection
	GlobalSection(ExtensibilityGlobals) = postSolution
		SolutionGuid = {E641501C-F77A-4BC7-9EEA-BCA17501146E}
	EndGlobalSection
EndGlobal
