
Microsoft Visual Studio Solution File, Format Version 12.00
# Visual Studio 15
VisualStudioVersion = 15.0.27004.2005
MinimumVisualStudioVersion = 10.0.40219.1
Project("{888888A0-9F3D-457C-B088-3A5042F75D52}") = "Deal_26", "Deal_26\Deal_26.pyproj", "{F45EE382-4B49-47FF-B2DB-416C695C8335}"
EndProject
Global
	GlobalSection(SolutionConfigurationPlatforms) = preSolution
		Debug|Any CPU = Debug|Any CPU
		Release|Any CPU = Release|Any CPU
	EndGlobalSection
	GlobalSection(ProjectConfigurationPlatforms) = postSolution
		{F45EE382-4B49-47FF-B2DB-416C695C8335}.Debug|Any CPU.ActiveCfg = Debug|Any CPU
		{F45EE382-4B49-47FF-B2DB-416C695C8335}.Release|Any CPU.ActiveCfg = Release|Any CPU
	EndGlobalSection
	GlobalSection(SolutionProperties) = preSolution
		HideSolutionNode = FALSE
	EndGlobalSection
	GlobalSection(ExtensibilityGlobals) = postSolution
		SolutionGuid = {E3FF9CDB-3163-4DCD-B69C-02B53E98A4DC}
	EndGlobalSection
EndGlobal
