
Microsoft Visual Studio Solution File, Format Version 12.00
# Visual Studio 15
VisualStudioVersion = 15.0.27004.2005
MinimumVisualStudioVersion = 10.0.40219.1
Project("{888888A0-9F3D-457C-B088-3A5042F75D52}") = "Allmax_25", "Allmax_25\Allmax_25.pyproj", "{A852D7AF-0831-46EE-925E-9B76915E0463}"
EndProject
Global
	GlobalSection(SolutionConfigurationPlatforms) = preSolution
		Debug|Any CPU = Debug|Any CPU
		Release|Any CPU = Release|Any CPU
	EndGlobalSection
	GlobalSection(ProjectConfigurationPlatforms) = postSolution
		{A852D7AF-0831-46EE-925E-9B76915E0463}.Debug|Any CPU.ActiveCfg = Debug|Any CPU
		{A852D7AF-0831-46EE-925E-9B76915E0463}.Release|Any CPU.ActiveCfg = Release|Any CPU
	EndGlobalSection
	GlobalSection(SolutionProperties) = preSolution
		HideSolutionNode = FALSE
	EndGlobalSection
	GlobalSection(ExtensibilityGlobals) = postSolution
		SolutionGuid = {1E9BFBD5-5ADD-4395-A464-DCE27E335D16}
	EndGlobalSection
EndGlobal
