
Microsoft Visual Studio Solution File, Format Version 12.00
# Visual Studio 15
VisualStudioVersion = 15.0.26730.16
MinimumVisualStudioVersion = 10.0.40219.1
Project("{888888A0-9F3D-457C-B088-3A5042F75D52}") = "Kind_funtion_19", "Kind_funtion_19\Kind_funtion_19.pyproj", "{2D3D64C9-0538-4FE4-9D93-051DE7453A5E}"
EndProject
Global
	GlobalSection(SolutionConfigurationPlatforms) = preSolution
		Debug|Any CPU = Debug|Any CPU
		Release|Any CPU = Release|Any CPU
	EndGlobalSection
	GlobalSection(ProjectConfigurationPlatforms) = postSolution
		{2D3D64C9-0538-4FE4-9D93-051DE7453A5E}.Debug|Any CPU.ActiveCfg = Debug|Any CPU
		{2D3D64C9-0538-4FE4-9D93-051DE7453A5E}.Release|Any CPU.ActiveCfg = Release|Any CPU
	EndGlobalSection
	GlobalSection(SolutionProperties) = preSolution
		HideSolutionNode = FALSE
	EndGlobalSection
	GlobalSection(ExtensibilityGlobals) = postSolution
		SolutionGuid = {8DCFDA4C-5106-421D-9A79-6B9D2FCEBC8C}
	EndGlobalSection
EndGlobal
